// !$*UTF8*$!
{
	archiveVersion = 1;
	classes = {
	};
	objectVersion = 50;
	objects = {

/* Begin PBXBuildFile section */
		A6072A0821933D0600054548 /* AppDelegate.swift in Sources */ = {isa = PBXBuildFile; fileRef = A6072A0721933D0600054548 /* AppDelegate.swift */; };
		A6072A0A21933D0600054548 /* ViewController.swift in Sources */ = {isa = PBXBuildFile; fileRef = A6072A0921933D0600054548 /* ViewController.swift */; };
		A6072A0D21933D0600054548 /* Main.storyboard in Resources */ = {isa = PBXBuildFile; fileRef = A6072A0B21933D0600054548 /* Main.storyboard */; };
		A6072A0F21933D0600054548 /* Assets.xcassets in Resources */ = {isa = PBXBuildFile; fileRef = A6072A0E21933D0600054548 /* Assets.xcassets */; };
		A6072A1221933D0600054548 /* LaunchScreen.storyboard in Resources */ = {isa = PBXBuildFile; fileRef = A6072A1021933D0600054548 /* LaunchScreen.storyboard */; };
		A6072A1D21933F5100054548 /* SimplePing.m in Sources */ = {isa = PBXBuildFile; fileRef = A6072A1C21933F5100054548 /* SimplePing.m */; };
		A6072A1F2193427600054548 /* PingTest.swift in Sources */ = {isa = PBXBuildFile; fileRef = A6072A1E2193427600054548 /* PingTest.swift */; };
		A6A3688421983ACB000EA2E0 /* LoadData.swift in Sources */ = {isa = PBXBuildFile; fileRef = A6A3688321983ACB000EA2E0 /* LoadData.swift */; };
		A6A3688621983AE8000EA2E0 /* Upload.swift in Sources */ = {isa = PBXBuildFile; fileRef = A6A3688521983AE8000EA2E0 /* Upload.swift */; };
		A6A3688821983B06000EA2E0 /* Download.swift in Sources */ = {isa = PBXBuildFile; fileRef = A6A3688721983B06000EA2E0 /* Download.swift */; };
		A6A3688A21983B21000EA2E0 /* Test.swift in Sources */ = {isa = PBXBuildFile; fileRef = A6A3688921983B21000EA2E0 /* Test.swift */; };
/* End PBXBuildFile section */

/* Begin PBXFileReference section */
		A6072A0421933D0600054548 /* SpeedTestBerec.app */ = {isa = PBXFileReference; explicitFileType = wrapper.application; includeInIndex = 0; path = SpeedTestBerec.app; sourceTree = BUILT_PRODUCTS_DIR; };
		A6072A0721933D0600054548 /* AppDelegate.swift */ = {isa = PBXFileReference; lastKnownFileType = sourcecode.swift; path = AppDelegate.swift; sourceTree = "<group>"; };
		A6072A0921933D0600054548 /* ViewController.swift */ = {isa = PBXFileReference; lastKnownFileType = sourcecode.swift; path = ViewController.swift; sourceTree = "<group>"; };
		A6072A0C21933D0600054548 /* Base */ = {isa = PBXFileReference; lastKnownFileType = file.storyboard; name = Base; path = Base.lproj/Main.storyboard; sourceTree = "<group>"; };
		A6072A0E21933D0600054548 /* Assets.xcassets */ = {isa = PBXFileReference; lastKnownFileType = folder.assetcatalog; path = Assets.xcassets; sourceTree = "<group>"; };
		A6072A1121933D0600054548 /* Base */ = {isa = PBXFileReference; lastKnownFileType = file.storyboard; name = Base; path = Base.lproj/LaunchScreen.storyboard; sourceTree = "<group>"; };
		A6072A1321933D0600054548 /* Info.plist */ = {isa = PBXFileReference; lastKnownFileType = text.plist.xml; path = Info.plist; sourceTree = "<group>"; };
		A6072A1A21933F5000054548 /* SpeedTestBerec-Bridging-Header.h */ = {isa = PBXFileReference; lastKnownFileType = sourcecode.c.h; path = "SpeedTestBerec-Bridging-Header.h"; sourceTree = "<group>"; };
		A6072A1B21933F5000054548 /* SimplePing.h */ = {isa = PBXFileReference; fileEncoding = 4; lastKnownFileType = sourcecode.c.h; path = SimplePing.h; sourceTree = "<group>"; };
		A6072A1C21933F5100054548 /* SimplePing.m */ = {isa = PBXFileReference; fileEncoding = 4; lastKnownFileType = sourcecode.c.objc; path = SimplePing.m; sourceTree = "<group>"; };
		A6072A1E2193427600054548 /* PingTest.swift */ = {isa = PBXFileReference; lastKnownFileType = sourcecode.swift; path = PingTest.swift; sourceTree = "<group>"; };
		A6A3688321983ACB000EA2E0 /* LoadData.swift */ = {isa = PBXFileReference; lastKnownFileType = sourcecode.swift; path = LoadData.swift; sourceTree = "<group>"; };
		A6A3688521983AE8000EA2E0 /* Upload.swift */ = {isa = PBXFileReference; lastKnownFileType = sourcecode.swift; path = Upload.swift; sourceTree = "<group>"; };
		A6A3688721983B06000EA2E0 /* Download.swift */ = {isa = PBXFileReference; lastKnownFileType = sourcecode.swift; path = Download.swift; sourceTree = "<group>"; };
		A6A3688921983B21000EA2E0 /* Test.swift */ = {isa = PBXFileReference; lastKnownFileType = sourcecode.swift; path = Test.swift; sourceTree = "<group>"; };
/* End PBXFileReference section */

/* Begin PBXFrameworksBuildPhase section */
		A6072A0121933D0600054548 /* Frameworks */ = {
			isa = PBXFrameworksBuildPhase;
			buildActionMask = 2147483647;
			files = (
			);
			runOnlyForDeploymentPostprocessing = 0;
		};
/* End PBXFrameworksBuildPhase section */

/* Begin PBXGroup section */
		A60729FB21933D0600054548 = {
			isa = PBXGroup;
			children = (
				A6072A0621933D0600054548 /* SpeedTestBerec */,
				A6072A0521933D0600054548 /* Products */,
			);
			sourceTree = "<group>";
		};
		A6072A0521933D0600054548 /* Products */ = {
			isa = PBXGroup;
			children = (
				A6072A0421933D0600054548 /* SpeedTestBerec.app */,
			);
			name = Products;
			sourceTree = "<group>";
		};
		A6072A0621933D0600054548 /* SpeedTestBerec */ = {
			isa = PBXGroup;
			children = (
				A6072A0721933D0600054548 /* AppDelegate.swift */,
				A6072A0921933D0600054548 /* ViewController.swift */,
				A6072A0B21933D0600054548 /* Main.storyboard */,
				A6072A1B21933F5000054548 /* SimplePing.h */,
				A6072A1C21933F5100054548 /* SimplePing.m */,
				A6072A0E21933D0600054548 /* Assets.xcassets */,
				A6072A1021933D0600054548 /* LaunchScreen.storyboard */,
				A6072A1321933D0600054548 /* Info.plist */,
				A6072A1A21933F5000054548 /* SpeedTestBerec-Bridging-Header.h */,
				A6072A1E2193427600054548 /* PingTest.swift */,
				A6A3688321983ACB000EA2E0 /* LoadData.swift */,
				A6A3688521983AE8000EA2E0 /* Upload.swift */,
				A6A3688721983B06000EA2E0 /* Download.swift */,
				A6A3688921983B21000EA2E0 /* Test.swift */,
			);
			path = SpeedTestBerec;
			sourceTree = "<group>";
		};
/* End PBXGroup section */

/* Begin PBXNativeTarget section */
		A6072A0321933D0600054548 /* SpeedTestBerec */ = {
			isa = PBXNativeTarget;
			buildConfigurationList = A6072A1621933D0600054548 /* Build configuration list for PBXNativeTarget "SpeedTestBerec" */;
			buildPhases = (
				A6072A0021933D0600054548 /* Sources */,
				A6072A0121933D0600054548 /* Frameworks */,
				A6072A0221933D0600054548 /* Resources */,
			);
			buildRules = (
			);
			dependencies = (
			);
			name = SpeedTestBerec;
			productName = SpeedTestBerec;
			productReference = A6072A0421933D0600054548 /* SpeedTestBerec.app */;
			productType = "com.apple.product-type.application";
		};
/* End PBXNativeTarget section */

/* Begin PBXProject section */
		A60729FC21933D0600054548 /* Project object */ = {
			isa = PBXProject;
			attributes = {
				LastSwiftUpdateCheck = 1010;
				LastUpgradeCheck = 1010;
				ORGANIZATIONNAME = "Giuliano Pes";
				TargetAttributes = {
					A6072A0321933D0600054548 = {
						CreatedOnToolsVersion = 10.1;
						LastSwiftMigration = 1010;
					};
				};
			};
			buildConfigurationList = A60729FF21933D0600054548 /* Build configuration list for PBXProject "SpeedTestBerec" */;
			compatibilityVersion = "Xcode 9.3";
			developmentRegion = en;
			hasScannedForEncodings = 0;
			knownRegions = (
				en,
				Base,
			);
			mainGroup = A60729FB21933D0600054548;
			productRefGroup = A6072A0521933D0600054548 /* Products */;
			projectDirPath = "";
			projectRoot = "";
			targets = (
				A6072A0321933D0600054548 /* SpeedTestBerec */,
			);
		};
/* End PBXProject section */

/* Begin PBXResourcesBuildPhase section */
		A6072A0221933D0600054548 /* Resources */ = {
			isa = PBXResourcesBuildPhase;
			buildActionMask = 2147483647;
			files = (
				A6072A1221933D0600054548 /* LaunchScreen.storyboard in Resources */,
				A6072A0F21933D0600054548 /* Assets.xcassets in Resources */,
				A6072A0D21933D0600054548 /* Main.storyboard in Resources */,
			);
			runOnlyForDeploymentPostprocessing = 0;
		};
/* End PBXResourcesBuildPhase section */

/* Begin PBXSourcesBuildPhase section */
		A6072A0021933D0600054548 /* Sources */ = {
			isa = PBXSourcesBuildPhase;
			buildActionMask = 2147483647;
			files = (
				A6A3688621983AE8000EA2E0 /* Upload.swift in Sources */,
				A6072A1D21933F5100054548 /* SimplePing.m in Sources */,
				A6A3688421983ACB000EA2E0 /* LoadData.swift in Sources */,
				A6072A0A21933D0600054548 /* ViewController.swift in Sources */,
				A6072A0821933D0600054548 /* AppDelegate.swift in Sources */,
				A6A3688A21983B21000EA2E0 /* Test.swift in Sources */,
				A6A3688821983B06000EA2E0 /* Download.swift in Sources */,
				A6072A1F2193427600054548 /* PingTest.swift in Sources */,
			);
			runOnlyForDeploymentPostprocessing = 0;
		};
/* End PBXSourcesBuildPhase section */

/* Begin PBXVariantGroup section */
		A6072A0B21933D0600054548 /* Main.storyboard */ = {
			isa = PBXVariantGroup;
			children = (
				A6072A0C21933D0600054548 /* Base */,
			);
			name = Main.storyboard;
			sourceTree = "<group>";
		};
		A6072A1021933D0600054548 /* LaunchScreen.storyboard */ = {
			isa = PBXVariantGroup;
			children = (
				A6072A1121933D0600054548 /* Base */,
			);
			name = LaunchScreen.storyboard;
			sourceTree = "<group>";
		};
/* End PBXVariantGroup section */

/* Begin XCBuildConfiguration section */
		A6072A1421933D0600054548 /* Debug */ = {
			isa = XCBuildConfiguration;
			buildSettings = {
				ALWAYS_SEARCH_USER_PATHS = NO;
				CLANG_ANALYZER_NONNULL = YES;
				CLANG_ANALYZER_NUMBER_OBJECT_CONVERSION = YES_AGGRESSIVE;
				CLANG_CXX_LANGUAGE_STANDARD = "gnu++14";
				CLANG_CXX_LIBRARY = "libc++";
				CLANG_ENABLE_MODULES = YES;
				CLANG_ENABLE_OBJC_ARC = YES;
				CLANG_ENABLE_OBJC_WEAK = YES;
				CLANG_WARN_BLOCK_CAPTURE_AUTORELEASING = YES;
				CLANG_WARN_BOOL_CONVERSION = YES;
				CLANG_WARN_COMMA = YES;
				CLANG_WARN_CONSTANT_CONVERSION = YES;
				CLANG_WARN_DEPRECATED_OBJC_IMPLEMENTATIONS = YES;
				CLANG_WARN_DIRECT_OBJC_ISA_USAGE = YES_ERROR;
				CLANG_WARN_DOCUMENTATION_COMMENTS = YES;
				CLANG_WARN_EMPTY_BODY = YES;
				CLANG_WARN_ENUM_CONVERSION = YES;
				CLANG_WARN_INFINITE_RECURSION = YES;
				CLANG_WARN_INT_CONVERSION = YES;
				CLANG_WARN_NON_LITERAL_NULL_CONVERSION = YES;
				CLANG_WARN_OBJC_IMPLICIT_RETAIN_SELF = YES;
				CLANG_WARN_OBJC_LITERAL_CONVERSION = YES;
				CLANG_WARN_OBJC_ROOT_CLASS = YES_ERROR;
				CLANG_WARN_RANGE_LOOP_ANALYSIS = YES;
				CLANG_WARN_STRICT_PROTOTYPES = YES;
				CLANG_WARN_SUSPICIOUS_MOVE = YES;
				CLANG_WARN_UNGUARDED_AVAILABILITY = YES_AGGRESSIVE;
				CLANG_WARN_UNREACHABLE_CODE = YES;
				CLANG_WARN__DUPLICATE_METHOD_MATCH = YES;
				CODE_SIGN_IDENTITY = "iPhone Developer";
				COPY_PHASE_STRIP = NO;
				DEBUG_INFORMATION_FORMAT = dwarf;
				ENABLE_STRICT_OBJC_MSGSEND = YES;
				ENABLE_TESTABILITY = YES;
				GCC_C_LANGUAGE_STANDARD = gnu11;
				GCC_DYNAMIC_NO_PIC = NO;
				GCC_NO_COMMON_BLOCKS = YES;
				GCC_OPTIMIZATION_LEVEL = 0;
				GCC_PREPROCESSOR_DEFINITIONS = (
					"DEBUG=1",
					"$(inherited)",
				);
				GCC_WARN_64_TO_32_BIT_CONVERSION = YES;
				GCC_WARN_ABOUT_RETURN_TYPE = YES_ERROR;
				GCC_WARN_UNDECLARED_SELECTOR = YES;
				GCC_WARN_UNINITIALIZED_AUTOS = YES_AGGRESSIVE;
				GCC_WARN_UNUSED_FUNCTION = YES;
				GCC_WARN_UNUSED_VARIABLE = YES;
				IPHONEOS_DEPLOYMENT_TARGET = 12.1;
				MTL_ENABLE_DEBUG_INFO = INCLUDE_SOURCE;
				MTL_FAST_MATH = YES;
				ONLY_ACTIVE_ARCH = YES;
				SDKROOT = iphoneos;
				SWIFT_ACTIVE_COMPILATION_CONDITIONS = DEBUG;
				SWIFT_OPTIMIZATION_LEVEL = "-Onone";
			};
			name = Debug;
		};
		A6072A1521933D0600054548 /* Release */ = {
			isa = XCBuildConfiguration;
			buildSettings = {
				ALWAYS_SEARCH_USER_PATHS = NO;
				CLANG_ANALYZER_NONNULL = YES;
				CLANG_ANALYZER_NUMBER_OBJECT_CONVERSION = YES_AGGRESSIVE;
				CLANG_CXX_LANGUAGE_STANDARD = "gnu++14";
				CLANG_CXX_LIBRARY = "libc++";
				CLANG_ENABLE_MODULES = YES;
				CLANG_ENABLE_OBJC_ARC = YES;
				CLANG_ENABLE_OBJC_WEAK = YES;
				CLANG_WARN_BLOCK_CAPTURE_AUTORELEASING = YES;
				CLANG_WARN_BOOL_CONVERSION = YES;
				CLANG_WARN_COMMA = YES;
				CLANG_WARN_CONSTANT_CONVERSION = YES;
				CLANG_WARN_DEPRECATED_OBJC_IMPLEMENTATIONS = YES;
				CLANG_WARN_DIRECT_OBJC_ISA_USAGE = YES_ERROR;
				CLANG_WARN_DOCUMENTATION_COMMENTS = YES;
				CLANG_WARN_EMPTY_BODY = YES;
				CLANG_WARN_ENUM_CONVERSION = YES;
				CLANG_WARN_INFINITE_RECURSION = YES;
				CLANG_WARN_INT_CONVERSION = YES;
				CLANG_WARN_NON_LITERAL_NULL_CONVERSION = YES;
				CLANG_WARN_OBJC_IMPLICIT_RETAIN_SELF = YES;
				CLANG_WARN_OBJC_LITERAL_CONVERSION = YES;
				CLANG_WARN_OBJC_ROOT_CLASS = YES_ERROR;
				CLANG_WARN_RANGE_LOOP_ANALYSIS = YES;
				CLANG_WARN_STRICT_PROTOTYPES = YES;
				CLANG_WARN_SUSPICIOUS_MOVE = YES;
				CLANG_WARN_UNGUARDED_AVAILABILITY = YES_AGGRESSIVE;
				CLANG_WARN_UNREACHABLE_CODE = YES;
				CLANG_WARN__DUPLICATE_METHOD_MATCH = YES;
				CODE_SIGN_IDENTITY = "iPhone Developer";
				COPY_PHASE_STRIP = NO;
				DEBUG_INFORMATION_FORMAT = "dwarf-with-dsym";
				ENABLE_NS_ASSERTIONS = NO;
				ENABLE_STRICT_OBJC_MSGSEND = YES;
				GCC_C_LANGUAGE_STANDARD = gnu11;
				GCC_NO_COMMON_BLOCKS = YES;
				GCC_WARN_64_TO_32_BIT_CONVERSION = YES;
				GCC_WARN_ABOUT_RETURN_TYPE = YES_ERROR;
				GCC_WARN_UNDECLARED_SELECTOR = YES;
				GCC_WARN_UNINITIALIZED_AUTOS = YES_AGGRESSIVE;
				GCC_WARN_UNUSED_FUNCTION = YES;
				GCC_WARN_UNUSED_VARIABLE = YES;
				IPHONEOS_DEPLOYMENT_TARGET = 12.1;
				MTL_ENABLE_DEBUG_INFO = NO;
				MTL_FAST_MATH = YES;
				SDKROOT = iphoneos;
				SWIFT_COMPILATION_MODE = wholemodule;
				SWIFT_OPTIMIZATION_LEVEL = "-O";
				VALIDATE_PRODUCT = YES;
			};
			name = Release;
		};
		A6072A1721933D0600054548 /* Debug */ = {
			isa = XCBuildConfiguration;
			buildSettings = {
				ASSETCATALOG_COMPILER_APPICON_NAME = AppIcon;
				CLANG_ENABLE_MODULES = YES;
				CODE_SIGN_STYLE = Automatic;
				DEVELOPMENT_TEAM = 8W4JTPHA5R;
				INFOPLIST_FILE = SpeedTestBerec/Info.plist;
				LD_RUNPATH_SEARCH_PATHS = (
					"$(inherited)",
					"@executable_path/Frameworks",
				);
				PRODUCT_BUNDLE_IDENTIFIER = giulianopes.SpeedTestBerec;
				PRODUCT_NAME = "$(TARGET_NAME)";
				SWIFT_OBJC_BRIDGING_HEADER = "SpeedTestBerec/SpeedTestBerec-Bridging-Header.h";
				SWIFT_OPTIMIZATION_LEVEL = "-Onone";
				SWIFT_VERSION = 4.2;
				TARGETED_DEVICE_FAMILY = "1,2";
			};
			name = Debug;
		};
		A6072A1821933D0600054548 /* Release */ = {
			isa = XCBuildConfiguration;
			buildSettings = {
				ASSETCATALOG_COMPILER_APPICON_NAME = AppIcon;
				CLANG_ENABLE_MODULES = YES;
				CODE_SIGN_STYLE = Automatic;
				DEVELOPMENT_TEAM = 8W4JTPHA5R;
				INFOPLIST_FILE = SpeedTestBerec/Info.plist;
				LD_RUNPATH_SEARCH_PATHS = (
					"$(inherited)",
					"@executable_path/Frameworks",
				);
				PRODUCT_BUNDLE_IDENTIFIER = giulianopes.SpeedTestBerec;
				PRODUCT_NAME = "$(TARGET_NAME)";
				SWIFT_OBJC_BRIDGING_HEADER = "SpeedTestBerec/SpeedTestBerec-Bridging-Header.h";
				SWIFT_VERSION = 4.2;
				TARGETED_DEVICE_FAMILY = "1,2";
			};
			name = Release;
		};
/* End XCBuildConfiguration section */

/* Begin XCConfigurationList section */
		A60729FF21933D0600054548 /* Build configuration list for PBXProject "SpeedTestBerec" */ = {
			isa = XCConfigurationList;
			buildConfigurations = (
				A6072A1421933D0600054548 /* Debug */,
				A6072A1521933D0600054548 /* Release */,
			);
			defaultConfigurationIsVisible = 0;
			defaultConfigurationName = Release;
		};
		A6072A1621933D0600054548 /* Build configuration list for PBXNativeTarget "SpeedTestBerec" */ = {
			isa = XCConfigurationList;
			buildConfigurations = (
				A6072A1721933D0600054548 /* Debug */,
				A6072A1821933D0600054548 /* Release */,
			);
			defaultConfigurationIsVisible = 0;
			defaultConfigurationName = Release;
		};
/* End XCConfigurationList section */
	};
	rootObject = A60729FC21933D0600054548 /* Project object */;
}
